
Microsoft Visual Studio Solution File, Format Version 12.00
# Visual Studio 15
VisualStudioVersion = 15.0.28010.2048
MinimumVisualStudioVersion = 10.0.40219.1
Project("{FAE04EC0-301F-11D3-BF4B-00C04F79EFBC}") = "MvcMovie", "MvcMovie\MvcMovie.csproj", "{51CD5CF3-7589-4780-9D77-72536F4435C2}"
EndProject
Global
	GlobalSection(SolutionConfigurationPlatforms) = preSolution
		Debug|Any CPU = Debug|Any CPU
		Release|Any CPU = Release|Any CPU
	EndGlobalSection
	GlobalSection(ProjectConfigurationPlatforms) = postSolution
		{51CD5CF3-7589-4780-9D77-72536F4435C2}.Debug|Any CPU.ActiveCfg = Debug|Any CPU
		{51CD5CF3-7589-4780-9D77-72536F4435C2}.Debug|Any CPU.Build.0 = Debug|Any CPU
		{51CD5CF3-7589-4780-9D77-72536F4435C2}.Release|Any CPU.ActiveCfg = Release|Any CPU
		{51CD5CF3-7589-4780-9D77-72536F4435C2}.Release|Any CPU.Build.0 = Release|Any CPU
	EndGlobalSection
	GlobalSection(SolutionProperties) = preSolution
		HideSolutionNode = FALSE
	EndGlobalSection
	GlobalSection(ExtensibilityGlobals) = postSolution
		SolutionGuid = {DB86CA12-1570-4FD8-AB01-4C7565C7366E}
	EndGlobalSection
EndGlobal
